
Microsoft Visual Studio Solution File, Format Version 12.00
# Visual Studio Version 17
VisualStudioVersion = 17.10.34916.146
MinimumVisualStudioVersion = 10.0.40219.1
Project("{FAE04EC0-301F-11D3-BF4B-00C04F79EFBC}") = "QUIZ4_API", "QUIZ4_API\QUIZ4_API.csproj", "{FDFC339A-584E-468C-9C94-9E15400A556D}"
EndProject
Global
	GlobalSection(SolutionConfigurationPlatforms) = preSolution
		Debug|Any CPU = Debug|Any CPU
		Release|Any CPU = Release|Any CPU
	EndGlobalSection
	GlobalSection(ProjectConfigurationPlatforms) = postSolution
		{FDFC339A-584E-468C-9C94-9E15400A556D}.Debug|Any CPU.ActiveCfg = Debug|Any CPU
		{FDFC339A-584E-468C-9C94-9E15400A556D}.Debug|Any CPU.Build.0 = Debug|Any CPU
		{FDFC339A-584E-468C-9C94-9E15400A556D}.Release|Any CPU.ActiveCfg = Release|Any CPU
		{FDFC339A-584E-468C-9C94-9E15400A556D}.Release|Any CPU.Build.0 = Release|Any CPU
	EndGlobalSection
	GlobalSection(SolutionProperties) = preSolution
		HideSolutionNode = FALSE
	EndGlobalSection
	GlobalSection(ExtensibilityGlobals) = postSolution
		SolutionGuid = {741B68A5-532A-47E2-8C31-51DA43F8FC24}
	EndGlobalSection
EndGlobal
